
Microsoft Visual Studio Solution File, Format Version 12.00
# Visual Studio Version 17
VisualStudioVersion = 17.5.2.0
MinimumVisualStudioVersion = 10.0.40219.1
Project("{FAE04EC0-301F-11D3-BF4B-00C04F79EFBC}") = "Nabin", "Nabin.csproj", "{F9E764CB-2FD4-BA0D-F33D-08CC9313B6F5}"
EndProject
Project("{FAE04EC0-301F-11D3-BF4B-00C04F79EFBC}") = "ConsoleApp1", "ConsoleApp1\ConsoleApp1.csproj", "{4E515DDF-21AD-4B3E-B12F-668999810155}"
EndProject
Global
	GlobalSection(SolutionConfigurationPlatforms) = preSolution
		Debug|Any CPU = Debug|Any CPU
		Debug|x64 = Debug|x64
		Debug|x86 = Debug|x86
		Release|Any CPU = Release|Any CPU
		Release|x64 = Release|x64
		Release|x86 = Release|x86
	EndGlobalSection
	GlobalSection(ProjectConfigurationPlatforms) = postSolution
		{F9E764CB-2FD4-BA0D-F33D-08CC9313B6F5}.Debug|Any CPU.ActiveCfg = Debug|Any CPU
		{F9E764CB-2FD4-BA0D-F33D-08CC9313B6F5}.Debug|Any CPU.Build.0 = Debug|Any CPU
		{F9E764CB-2FD4-BA0D-F33D-08CC9313B6F5}.Debug|x64.ActiveCfg = Debug|Any CPU
		{F9E764CB-2FD4-BA0D-F33D-08CC9313B6F5}.Debug|x64.Build.0 = Debug|Any CPU
		{F9E764CB-2FD4-BA0D-F33D-08CC9313B6F5}.Debug|x86.ActiveCfg = Debug|Any CPU
		{F9E764CB-2FD4-BA0D-F33D-08CC9313B6F5}.Debug|x86.Build.0 = Debug|Any CPU
		{F9E764CB-2FD4-BA0D-F33D-08CC9313B6F5}.Release|Any CPU.ActiveCfg = Release|Any CPU
		{F9E764CB-2FD4-BA0D-F33D-08CC9313B6F5}.Release|Any CPU.Build.0 = Release|Any CPU
		{F9E764CB-2FD4-BA0D-F33D-08CC9313B6F5}.Release|x64.ActiveCfg = Release|Any CPU
		{F9E764CB-2FD4-BA0D-F33D-08CC9313B6F5}.Release|x64.Build.0 = Release|Any CPU
		{F9E764CB-2FD4-BA0D-F33D-08CC9313B6F5}.Release|x86.ActiveCfg = Release|Any CPU
		{F9E764CB-2FD4-BA0D-F33D-08CC9313B6F5}.Release|x86.Build.0 = Release|Any CPU
		{4E515DDF-21AD-4B3E-B12F-668999810155}.Debug|Any CPU.ActiveCfg = Debug|Any CPU
		{4E515DDF-21AD-4B3E-B12F-668999810155}.Debug|Any CPU.Build.0 = Debug|Any CPU
		{4E515DDF-21AD-4B3E-B12F-668999810155}.Debug|x64.ActiveCfg = Debug|Any CPU
		{4E515DDF-21AD-4B3E-B12F-668999810155}.Debug|x64.Build.0 = Debug|Any CPU
		{4E515DDF-21AD-4B3E-B12F-668999810155}.Debug|x86.ActiveCfg = Debug|Any CPU
		{4E515DDF-21AD-4B3E-B12F-668999810155}.Debug|x86.Build.0 = Debug|Any CPU
		{4E515DDF-21AD-4B3E-B12F-668999810155}.Release|Any CPU.ActiveCfg = Release|Any CPU
		{4E515DDF-21AD-4B3E-B12F-668999810155}.Release|Any CPU.Build.0 = Release|Any CPU
		{4E515DDF-21AD-4B3E-B12F-668999810155}.Release|x64.ActiveCfg = Release|Any CPU
		{4E515DDF-21AD-4B3E-B12F-668999810155}.Release|x64.Build.0 = Release|Any CPU
		{4E515DDF-21AD-4B3E-B12F-668999810155}.Release|x86.ActiveCfg = Release|Any CPU
		{4E515DDF-21AD-4B3E-B12F-668999810155}.Release|x86.Build.0 = Release|Any CPU
	EndGlobalSection
	GlobalSection(SolutionProperties) = preSolution
		HideSolutionNode = FALSE
	EndGlobalSection
	GlobalSection(ExtensibilityGlobals) = postSolution
		SolutionGuid = {30D4910D-9923-498A-B29F-21BB5EF78194}
	EndGlobalSection
EndGlobal
